
Microsoft Visual Studio Solution File, Format Version 12.00
# Visual Studio Version 17
VisualStudioVersion = 17.9.34723.18
MinimumVisualStudioVersion = 10.0.40219.1
Project("{9A19103F-16F7-4668-BE54-9A1E7A4F7556}") = "CreateXMI", "CreateXMI.csproj", "{839E48CC-46E3-4B77-A597-79D29BCEDEA5}"
EndProject
Global
	GlobalSection(SolutionConfigurationPlatforms) = preSolution
		Debug|Any CPU = Debug|Any CPU
		Release|Any CPU = Release|Any CPU
	EndGlobalSection
	GlobalSection(ProjectConfigurationPlatforms) = postSolution
		{839E48CC-46E3-4B77-A597-79D29BCEDEA5}.Debug|Any CPU.ActiveCfg = Debug|Any CPU
		{839E48CC-46E3-4B77-A597-79D29BCEDEA5}.Debug|Any CPU.Build.0 = Debug|Any CPU
		{839E48CC-46E3-4B77-A597-79D29BCEDEA5}.Release|Any CPU.ActiveCfg = Release|Any CPU
		{839E48CC-46E3-4B77-A597-79D29BCEDEA5}.Release|Any CPU.Build.0 = Release|Any CPU
	EndGlobalSection
	GlobalSection(SolutionProperties) = preSolution
		HideSolutionNode = FALSE
	EndGlobalSection
	GlobalSection(ExtensibilityGlobals) = postSolution
		SolutionGuid = {1BE051D6-2744-4A4B-ADDA-E7FDB0FE4982}
	EndGlobalSection
EndGlobal
